
Microsoft Visual Studio Solution File, Format Version 12.00
# Visual Studio Version 17
VisualStudioVersion = 17.0.32014.148
MinimumVisualStudioVersion = 10.0.40219.1
Project("{9A19103F-16F7-4668-BE54-9A1E7A4F7556}") = "AngusBiniCals", "AngusBiniCals\AngusBiniCals.csproj", "{29ADFB42-0CB1-4B90-A612-C3283E125BB8}"
EndProject
Project("{FAE04EC0-301F-11D3-BF4B-00C04F79EFBC}") = "GovServiceUtilities", "GovServiceUtilities\GovServiceUtilities.csproj", "{DF52045A-65C3-49F7-8841-78E07920E589}"
EndProject
Global
	GlobalSection(SolutionConfigurationPlatforms) = preSolution
		Debug|Any CPU = Debug|Any CPU
		Release|Any CPU = Release|Any CPU
	EndGlobalSection
	GlobalSection(ProjectConfigurationPlatforms) = postSolution
		{29ADFB42-0CB1-4B90-A612-C3283E125BB8}.Debug|Any CPU.ActiveCfg = Debug|Any CPU
		{29ADFB42-0CB1-4B90-A612-C3283E125BB8}.Debug|Any CPU.Build.0 = Debug|Any CPU
		{29ADFB42-0CB1-4B90-A612-C3283E125BB8}.Release|Any CPU.ActiveCfg = Release|Any CPU
		{29ADFB42-0CB1-4B90-A612-C3283E125BB8}.Release|Any CPU.Build.0 = Release|Any CPU
		{DF52045A-65C3-49F7-8841-78E07920E589}.Debug|Any CPU.ActiveCfg = Debug|Any CPU
		{DF52045A-65C3-49F7-8841-78E07920E589}.Debug|Any CPU.Build.0 = Debug|Any CPU
		{DF52045A-65C3-49F7-8841-78E07920E589}.Release|Any CPU.ActiveCfg = Release|Any CPU
		{DF52045A-65C3-49F7-8841-78E07920E589}.Release|Any CPU.Build.0 = Release|Any CPU
	EndGlobalSection
	GlobalSection(SolutionProperties) = preSolution
		HideSolutionNode = FALSE
	EndGlobalSection
	GlobalSection(ExtensibilityGlobals) = postSolution
		SolutionGuid = {7BAB46B2-2B51-446B-BC9E-FE8F525B381E}
	EndGlobalSection
EndGlobal
